
Microsoft Visual Studio Solution File, Format Version 12.00
# Visual Studio Version 17
VisualStudioVersion = 17.0.31903.59
MinimumVisualStudioVersion = 10.0.40219.1
Project("{FAE04EC0-301F-11D3-BF4B-00C04F79EFBC}") = "DQD.CommandLineParser", "DQD.CommandLineParser\DQD.CommandLineParser.csproj", "{2FD20986-3F32-4A36-ACE7-309242359C9F}"
EndProject
Project("{FAE04EC0-301F-11D3-BF4B-00C04F79EFBC}") = "DQD.RTB.Tests", "DQD.CommandLineParser.Tests\DQD.RTB.Tests.csproj", "{D0928AB9-ED34-4F7E-81BB-764ED2D2194F}"
EndProject
Global
	GlobalSection(SolutionConfigurationPlatforms) = preSolution
		Debug|Any CPU = Debug|Any CPU
		Release|Any CPU = Release|Any CPU
	EndGlobalSection
	GlobalSection(SolutionProperties) = preSolution
		HideSolutionNode = FALSE
	EndGlobalSection
	GlobalSection(ProjectConfigurationPlatforms) = postSolution
		{2FD20986-3F32-4A36-ACE7-309242359C9F}.Debug|Any CPU.ActiveCfg = Debug|Any CPU
		{2FD20986-3F32-4A36-ACE7-309242359C9F}.Debug|Any CPU.Build.0 = Debug|Any CPU
		{2FD20986-3F32-4A36-ACE7-309242359C9F}.Release|Any CPU.ActiveCfg = Release|Any CPU
		{2FD20986-3F32-4A36-ACE7-309242359C9F}.Release|Any CPU.Build.0 = Release|Any CPU
		{D0928AB9-ED34-4F7E-81BB-764ED2D2194F}.Debug|Any CPU.ActiveCfg = Debug|Any CPU
		{D0928AB9-ED34-4F7E-81BB-764ED2D2194F}.Debug|Any CPU.Build.0 = Debug|Any CPU
		{D0928AB9-ED34-4F7E-81BB-764ED2D2194F}.Release|Any CPU.ActiveCfg = Release|Any CPU
		{D0928AB9-ED34-4F7E-81BB-764ED2D2194F}.Release|Any CPU.Build.0 = Release|Any CPU
	EndGlobalSection
EndGlobal
